
Microsoft Visual Studio Solution File, Format Version 12.00
# Visual Studio Version 17
VisualStudioVersion = 17.3.32811.315
MinimumVisualStudioVersion = 10.0.40219.1
Project("{FAE04EC0-301F-11D3-BF4B-00C04F79EFBC}") = "bai4", "bai4\bai4.csproj", "{AB2D992A-E4E7-466B-B7DD-DF7DDB20CFC3}"
EndProject
Global
	GlobalSection(SolutionConfigurationPlatforms) = preSolution
		Debug|Any CPU = Debug|Any CPU
		Release|Any CPU = Release|Any CPU
	EndGlobalSection
	GlobalSection(ProjectConfigurationPlatforms) = postSolution
		{AB2D992A-E4E7-466B-B7DD-DF7DDB20CFC3}.Debug|Any CPU.ActiveCfg = Debug|Any CPU
		{AB2D992A-E4E7-466B-B7DD-DF7DDB20CFC3}.Debug|Any CPU.Build.0 = Debug|Any CPU
		{AB2D992A-E4E7-466B-B7DD-DF7DDB20CFC3}.Release|Any CPU.ActiveCfg = Release|Any CPU
		{AB2D992A-E4E7-466B-B7DD-DF7DDB20CFC3}.Release|Any CPU.Build.0 = Release|Any CPU
	EndGlobalSection
	GlobalSection(SolutionProperties) = preSolution
		HideSolutionNode = FALSE
	EndGlobalSection
	GlobalSection(ExtensibilityGlobals) = postSolution
		SolutionGuid = {30E3CB3A-7290-498E-B17D-5569D9847A0F}
	EndGlobalSection
EndGlobal
